// !$*UTF8*$!
{
	archiveVersion = 1;
	classes = {
	};
	objectVersion = 46;
	objects = {

/* Begin PBXBuildFile section */
		187AC4AE1B75AE42009926F0 /* main.m in Sources */ = {isa = PBXBuildFile; fileRef = 187AC4AD1B75AE42009926F0 /* main.m */; };
		187AC4B11B75AE43009926F0 /* AppDelegate.m in Sources */ = {isa = PBXBuildFile; fileRef = 187AC4B01B75AE43009926F0 /* AppDelegate.m */; };
		187AC4B41B75AE43009926F0 /* ViewController.m in Sources */ = {isa = PBXBuildFile; fileRef = 187AC4B31B75AE43009926F0 /* ViewController.m */; };
		187AC4B71B75AE43009926F0 /* Main.storyboard in Resources */ = {isa = PBXBuildFile; fileRef = 187AC4B51B75AE43009926F0 /* Main.storyboard */; };
		187AC4B91B75AE43009926F0 /* Images.xcassets in Resources */ = {isa = PBXBuildFile; fileRef = 187AC4B81B75AE43009926F0 /* Images.xcassets */; };
		187AC4BC1B75AE43009926F0 /* LaunchScreen.xib in Resources */ = {isa = PBXBuildFile; fileRef = 187AC4BA1B75AE43009926F0 /* LaunchScreen.xib */; };
		187AC4C81B75AE43009926F0 /* FlickrSearchTests.m in Sources */ = {isa = PBXBuildFile; fileRef = 187AC4C71B75AE43009926F0 /* FlickrSearchTests.m */; };
		187AC4E61B75AE5A009926F0 /* bg_cork.png in Resources */ = {isa = PBXBuildFile; fileRef = 187AC4D21B75AE5A009926F0 /* bg_cork.png */; };
		187AC4E71B75AE5A009926F0 /* bg_cork@2x.png in Resources */ = {isa = PBXBuildFile; fileRef = 187AC4D31B75AE5A009926F0 /* bg_cork@2x.png */; };
		187AC4E81B75AE5A009926F0 /* button.png in Resources */ = {isa = PBXBuildFile; fileRef = 187AC4D41B75AE5A009926F0 /* button.png */; };
		187AC4E91B75AE5A009926F0 /* button@2x.png in Resources */ = {isa = PBXBuildFile; fileRef = 187AC4D51B75AE5A009926F0 /* button@2x.png */; };
		187AC4EA1B75AE5A009926F0 /* decoration_snail.png in Resources */ = {isa = PBXBuildFile; fileRef = 187AC4D61B75AE5A009926F0 /* decoration_snail.png */; };
		187AC4EB1B75AE5A009926F0 /* decoration_snail@2x.png in Resources */ = {isa = PBXBuildFile; fileRef = 187AC4D71B75AE5A009926F0 /* decoration_snail@2x.png */; };
		187AC4EC1B75AE5A009926F0 /* divider_bar.png in Resources */ = {isa = PBXBuildFile; fileRef = 187AC4D81B75AE5A009926F0 /* divider_bar.png */; };
		187AC4ED1B75AE5A009926F0 /* divider_bar@2x.png in Resources */ = {isa = PBXBuildFile; fileRef = 187AC4D91B75AE5A009926F0 /* divider_bar@2x.png */; };
		187AC4EE1B75AE5A009926F0 /* header_bg.png in Resources */ = {isa = PBXBuildFile; fileRef = 187AC4DA1B75AE5A009926F0 /* header_bg.png */; };
		187AC4EF1B75AE5A009926F0 /* header_bg@2x.png in Resources */ = {isa = PBXBuildFile; fileRef = 187AC4DB1B75AE5A009926F0 /* header_bg@2x.png */; };
		187AC4F01B75AE5A009926F0 /* navbar.png in Resources */ = {isa = PBXBuildFile; fileRef = 187AC4DC1B75AE5A009926F0 /* navbar.png */; };
		187AC4F11B75AE5A009926F0 /* navbar@2x.png in Resources */ = {isa = PBXBuildFile; fileRef = 187AC4DD1B75AE5A009926F0 /* navbar@2x.png */; };
		187AC4F21B75AE5A009926F0 /* polaroid1_border.png in Resources */ = {isa = PBXBuildFile; fileRef = 187AC4DE1B75AE5A009926F0 /* polaroid1_border.png */; };
		187AC4F31B75AE5A009926F0 /* polaroid1_border@2x.png in Resources */ = {isa = PBXBuildFile; fileRef = 187AC4DF1B75AE5A009926F0 /* polaroid1_border@2x.png */; };
		187AC4F41B75AE5A009926F0 /* pushpin.png in Resources */ = {isa = PBXBuildFile; fileRef = 187AC4E01B75AE5A009926F0 /* pushpin.png */; };
		187AC4F51B75AE5A009926F0 /* pushpin@2x.png in Resources */ = {isa = PBXBuildFile; fileRef = 187AC4E11B75AE5A009926F0 /* pushpin@2x.png */; };
		187AC4F61B75AE5A009926F0 /* search_field.png in Resources */ = {isa = PBXBuildFile; fileRef = 187AC4E21B75AE5A009926F0 /* search_field.png */; };
		187AC4F71B75AE5A009926F0 /* search_field@2x.png in Resources */ = {isa = PBXBuildFile; fileRef = 187AC4E31B75AE5A009926F0 /* search_field@2x.png */; };
		187AC4F81B75AE5A009926F0 /* search_text.png in Resources */ = {isa = PBXBuildFile; fileRef = 187AC4E41B75AE5A009926F0 /* search_text.png */; };
		187AC4F91B75AE5A009926F0 /* search_text@2x.png in Resources */ = {isa = PBXBuildFile; fileRef = 187AC4E51B75AE5A009926F0 /* search_text@2x.png */; };
		187AC5041B75BCE7009926F0 /* FlickrPhotoCell.m in Sources */ = {isa = PBXBuildFile; fileRef = 187AC5021B75BCE7009926F0 /* FlickrPhotoCell.m */; };
		187AC5051B75BCE7009926F0 /* FlickrPhotoCell.xib in Resources */ = {isa = PBXBuildFile; fileRef = 187AC5031B75BCE7009926F0 /* FlickrPhotoCell.xib */; };
		187AC50A1B75C63E009926F0 /* FlickrPhotoHeaderView.m in Sources */ = {isa = PBXBuildFile; fileRef = 187AC5081B75C63E009926F0 /* FlickrPhotoHeaderView.m */; };
/* End PBXBuildFile section */

/* Begin PBXContainerItemProxy section */
		187AC4C21B75AE43009926F0 /* PBXContainerItemProxy */ = {
			isa = PBXContainerItemProxy;
			containerPortal = 187AC4A01B75AE42009926F0 /* Project object */;
			proxyType = 1;
			remoteGlobalIDString = 187AC4A71B75AE42009926F0;
			remoteInfo = FlickrSearch;
		};
/* End PBXContainerItemProxy section */

/* Begin PBXFileReference section */
		187AC4A81B75AE42009926F0 /* FlickrSearch.app */ = {isa = PBXFileReference; explicitFileType = wrapper.application; includeInIndex = 0; path = FlickrSearch.app; sourceTree = BUILT_PRODUCTS_DIR; };
		187AC4AC1B75AE42009926F0 /* Info.plist */ = {isa = PBXFileReference; lastKnownFileType = text.plist.xml; path = Info.plist; sourceTree = "<group>"; };
		187AC4AD1B75AE42009926F0 /* main.m */ = {isa = PBXFileReference; lastKnownFileType = sourcecode.c.objc; path = main.m; sourceTree = "<group>"; };
		187AC4AF1B75AE42009926F0 /* AppDelegate.h */ = {isa = PBXFileReference; lastKnownFileType = sourcecode.c.h; path = AppDelegate.h; sourceTree = "<group>"; };
		187AC4B01B75AE43009926F0 /* AppDelegate.m */ = {isa = PBXFileReference; lastKnownFileType = sourcecode.c.objc; path = AppDelegate.m; sourceTree = "<group>"; };
		187AC4B21B75AE43009926F0 /* ViewController.h */ = {isa = PBXFileReference; lastKnownFileType = sourcecode.c.h; path = ViewController.h; sourceTree = "<group>"; };
		187AC4B31B75AE43009926F0 /* ViewController.m */ = {isa = PBXFileReference; lastKnownFileType = sourcecode.c.objc; path = ViewController.m; sourceTree = "<group>"; };
		187AC4B61B75AE43009926F0 /* Base */ = {isa = PBXFileReference; lastKnownFileType = file.storyboard; name = Base; path = Base.lproj/Main.storyboard; sourceTree = "<group>"; };
		187AC4B81B75AE43009926F0 /* Images.xcassets */ = {isa = PBXFileReference; lastKnownFileType = folder.assetcatalog; path = Images.xcassets; sourceTree = "<group>"; };
		187AC4BB1B75AE43009926F0 /* Base */ = {isa = PBXFileReference; lastKnownFileType = file.xib; name = Base; path = Base.lproj/LaunchScreen.xib; sourceTree = "<group>"; };
		187AC4C11B75AE43009926F0 /* FlickrSearchTests.xctest */ = {isa = PBXFileReference; explicitFileType = wrapper.cfbundle; includeInIndex = 0; path = FlickrSearchTests.xctest; sourceTree = BUILT_PRODUCTS_DIR; };
		187AC4C61B75AE43009926F0 /* Info.plist */ = {isa = PBXFileReference; lastKnownFileType = text.plist.xml; path = Info.plist; sourceTree = "<group>"; };
		187AC4C71B75AE43009926F0 /* FlickrSearchTests.m */ = {isa = PBXFileReference; lastKnownFileType = sourcecode.c.objc; path = FlickrSearchTests.m; sourceTree = "<group>"; };
		187AC4D21B75AE5A009926F0 /* bg_cork.png */ = {isa = PBXFileReference; lastKnownFileType = image.png; path = bg_cork.png; sourceTree = "<group>"; };
		187AC4D31B75AE5A009926F0 /* bg_cork@2x.png */ = {isa = PBXFileReference; lastKnownFileType = image.png; path = "bg_cork@2x.png"; sourceTree = "<group>"; };
		187AC4D41B75AE5A009926F0 /* button.png */ = {isa = PBXFileReference; lastKnownFileType = image.png; path = button.png; sourceTree = "<group>"; };
		187AC4D51B75AE5A009926F0 /* button@2x.png */ = {isa = PBXFileReference; lastKnownFileType = image.png; path = "button@2x.png"; sourceTree = "<group>"; };
		187AC4D61B75AE5A009926F0 /* decoration_snail.png */ = {isa = PBXFileReference; lastKnownFileType = image.png; path = decoration_snail.png; sourceTree = "<group>"; };
		187AC4D71B75AE5A009926F0 /* decoration_snail@2x.png */ = {isa = PBXFileReference; lastKnownFileType = image.png; path = "decoration_snail@2x.png"; sourceTree = "<group>"; };
		187AC4D81B75AE5A009926F0 /* divider_bar.png */ = {isa = PBXFileReference; lastKnownFileType = image.png; path = divider_bar.png; sourceTree = "<group>"; };
		187AC4D91B75AE5A009926F0 /* divider_bar@2x.png */ = {isa = PBXFileReference; lastKnownFileType = image.png; path = "divider_bar@2x.png"; sourceTree = "<group>"; };
		187AC4DA1B75AE5A009926F0 /* header_bg.png */ = {isa = PBXFileReference; lastKnownFileType = image.png; path = header_bg.png; sourceTree = "<group>"; };
		187AC4DB1B75AE5A009926F0 /* header_bg@2x.png */ = {isa = PBXFileReference; lastKnownFileType = image.png; path = "header_bg@2x.png"; sourceTree = "<group>"; };
		187AC4DC1B75AE5A009926F0 /* navbar.png */ = {isa = PBXFileReference; lastKnownFileType = image.png; path = navbar.png; sourceTree = "<group>"; };
		187AC4DD1B75AE5A009926F0 /* navbar@2x.png */ = {isa = PBXFileReference; lastKnownFileType = image.png; path = "navbar@2x.png"; sourceTree = "<group>"; };
		187AC4DE1B75AE5A009926F0 /* polaroid1_border.png */ = {isa = PBXFileReference; lastKnownFileType = image.png; path = polaroid1_border.png; sourceTree = "<group>"; };
		187AC4DF1B75AE5A009926F0 /* polaroid1_border@2x.png */ = {isa = PBXFileReference; lastKnownFileType = image.png; path = "polaroid1_border@2x.png"; sourceTree = "<group>"; };
		187AC4E01B75AE5A009926F0 /* pushpin.png */ = {isa = PBXFileReference; lastKnownFileType = image.png; path = pushpin.png; sourceTree = "<group>"; };
		187AC4E11B75AE5A009926F0 /* pushpin@2x.png */ = {isa = PBXFileReference; lastKnownFileType = image.png; path = "pushpin@2x.png"; sourceTree = "<group>"; };
		187AC4E21B75AE5A009926F0 /* search_field.png */ = {isa = PBXFileReference; lastKnownFileType = image.png; path = search_field.png; sourceTree = "<group>"; };
		187AC4E31B75AE5A009926F0 /* search_field@2x.png */ = {isa = PBXFileReference; lastKnownFileType = image.png; path = "search_field@2x.png"; sourceTree = "<group>"; };
		187AC4E41B75AE5A009926F0 /* search_text.png */ = {isa = PBXFileReference; lastKnownFileType = image.png; path = search_text.png; sourceTree = "<group>"; };
		187AC4E51B75AE5A009926F0 /* search_text@2x.png */ = {isa = PBXFileReference; lastKnownFileType = image.png; path = "search_text@2x.png"; sourceTree = "<group>"; };
		187AC5011B75BCE7009926F0 /* FlickrPhotoCell.h */ = {isa = PBXFileReference; fileEncoding = 4; lastKnownFileType = sourcecode.c.h; path = FlickrPhotoCell.h; sourceTree = "<group>"; };
		187AC5021B75BCE7009926F0 /* FlickrPhotoCell.m */ = {isa = PBXFileReference; fileEncoding = 4; lastKnownFileType = sourcecode.c.objc; path = FlickrPhotoCell.m; sourceTree = "<group>"; };
		187AC5031B75BCE7009926F0 /* FlickrPhotoCell.xib */ = {isa = PBXFileReference; fileEncoding = 4; lastKnownFileType = file.xib; path = FlickrPhotoCell.xib; sourceTree = "<group>"; };
		187AC5071B75C63E009926F0 /* FlickrPhotoHeaderView.h */ = {isa = PBXFileReference; fileEncoding = 4; lastKnownFileType = sourcecode.c.h; path = FlickrPhotoHeaderView.h; sourceTree = "<group>"; };
		187AC5081B75C63E009926F0 /* FlickrPhotoHeaderView.m */ = {isa = PBXFileReference; fileEncoding = 4; lastKnownFileType = sourcecode.c.objc; path = FlickrPhotoHeaderView.m; sourceTree = "<group>"; };
/* End PBXFileReference section */

/* Begin PBXFrameworksBuildPhase section */
		187AC4A51B75AE42009926F0 /* Frameworks */ = {
			isa = PBXFrameworksBuildPhase;
			buildActionMask = 2147483647;
			files = (
			);
			runOnlyForDeploymentPostprocessing = 0;
		};
		187AC4BE1B75AE43009926F0 /* Frameworks */ = {
			isa = PBXFrameworksBuildPhase;
			buildActionMask = 2147483647;
			files = (
			);
			runOnlyForDeploymentPostprocessing = 0;
		};
/* End PBXFrameworksBuildPhase section */

/* Begin PBXGroup section */
		187AC49F1B75AE42009926F0 = {
			isa = PBXGroup;
			children = (
				187AC4AA1B75AE42009926F0 /* FlickrSearch */,
				187AC4C41B75AE43009926F0 /* FlickrSearchTests */,
				187AC4A91B75AE42009926F0 /* Products */,
			);
			sourceTree = "<group>";
		};
		187AC4A91B75AE42009926F0 /* Products */ = {
			isa = PBXGroup;
			children = (
				187AC4A81B75AE42009926F0 /* FlickrSearch.app */,
				187AC4C11B75AE43009926F0 /* FlickrSearchTests.xctest */,
			);
			name = Products;
			sourceTree = "<group>";
		};
		187AC4AA1B75AE42009926F0 /* FlickrSearch */ = {
			isa = PBXGroup;
			children = (
				187AC5061B75C609009926F0 /* Views */,
				187AC4D11B75AE5A009926F0 /* Assets */,
				187AC4AF1B75AE42009926F0 /* AppDelegate.h */,
				187AC4B01B75AE43009926F0 /* AppDelegate.m */,
				187AC4B21B75AE43009926F0 /* ViewController.h */,
				187AC4B31B75AE43009926F0 /* ViewController.m */,
				187AC4B51B75AE43009926F0 /* Main.storyboard */,
				187AC4B81B75AE43009926F0 /* Images.xcassets */,
				187AC4BA1B75AE43009926F0 /* LaunchScreen.xib */,
				187AC4AB1B75AE42009926F0 /* Supporting Files */,
			);
			path = FlickrSearch;
			sourceTree = "<group>";
		};
		187AC4AB1B75AE42009926F0 /* Supporting Files */ = {
			isa = PBXGroup;
			children = (
				187AC4AC1B75AE42009926F0 /* Info.plist */,
				187AC4AD1B75AE42009926F0 /* main.m */,
			);
			name = "Supporting Files";
			sourceTree = "<group>";
		};
		187AC4C41B75AE43009926F0 /* FlickrSearchTests */ = {
			isa = PBXGroup;
			children = (
				187AC4C71B75AE43009926F0 /* FlickrSearchTests.m */,
				187AC4C51B75AE43009926F0 /* Supporting Files */,
			);
			path = FlickrSearchTests;
			sourceTree = "<group>";
		};
		187AC4C51B75AE43009926F0 /* Supporting Files */ = {
			isa = PBXGroup;
			children = (
				187AC4C61B75AE43009926F0 /* Info.plist */,
			);
			name = "Supporting Files";
			sourceTree = "<group>";
		};
		187AC4D11B75AE5A009926F0 /* Assets */ = {
			isa = PBXGroup;
			children = (
				187AC4D21B75AE5A009926F0 /* bg_cork.png */,
				187AC4D31B75AE5A009926F0 /* bg_cork@2x.png */,
				187AC4D41B75AE5A009926F0 /* button.png */,
				187AC4D51B75AE5A009926F0 /* button@2x.png */,
				187AC4D61B75AE5A009926F0 /* decoration_snail.png */,
				187AC4D71B75AE5A009926F0 /* decoration_snail@2x.png */,
				187AC4D81B75AE5A009926F0 /* divider_bar.png */,
				187AC4D91B75AE5A009926F0 /* divider_bar@2x.png */,
				187AC4DA1B75AE5A009926F0 /* header_bg.png */,
				187AC4DB1B75AE5A009926F0 /* header_bg@2x.png */,
				187AC4DC1B75AE5A009926F0 /* navbar.png */,
				187AC4DD1B75AE5A009926F0 /* navbar@2x.png */,
				187AC4DE1B75AE5A009926F0 /* polaroid1_border.png */,
				187AC4DF1B75AE5A009926F0 /* polaroid1_border@2x.png */,
				187AC4E01B75AE5A009926F0 /* pushpin.png */,
				187AC4E11B75AE5A009926F0 /* pushpin@2x.png */,
				187AC4E21B75AE5A009926F0 /* search_field.png */,
				187AC4E31B75AE5A009926F0 /* search_field@2x.png */,
				187AC4E41B75AE5A009926F0 /* search_text.png */,
				187AC4E51B75AE5A009926F0 /* search_text@2x.png */,
			);
			path = Assets;
			sourceTree = "<group>";
		};
		187AC5061B75C609009926F0 /* Views */ = {
			isa = PBXGroup;
			children = (
				187AC5011B75BCE7009926F0 /* FlickrPhotoCell.h */,
				187AC5021B75BCE7009926F0 /* FlickrPhotoCell.m */,
				187AC5031B75BCE7009926F0 /* FlickrPhotoCell.xib */,
				187AC5071B75C63E009926F0 /* FlickrPhotoHeaderView.h */,
				187AC5081B75C63E009926F0 /* FlickrPhotoHeaderView.m */,
			);
			name = Views;
			sourceTree = "<group>";
		};
/* End PBXGroup section */

/* Begin PBXNativeTarget section */
		187AC4A71B75AE42009926F0 /* FlickrSearch */ = {
			isa = PBXNativeTarget;
			buildConfigurationList = 187AC4CB1B75AE43009926F0 /* Build configuration list for PBXNativeTarget "FlickrSearch" */;
			buildPhases = (
				187AC4A41B75AE42009926F0 /* Sources */,
				187AC4A51B75AE42009926F0 /* Frameworks */,
				187AC4A61B75AE42009926F0 /* Resources */,
			);
			buildRules = (
			);
			dependencies = (
			);
			name = FlickrSearch;
			productName = FlickrSearch;
			productReference = 187AC4A81B75AE42009926F0 /* FlickrSearch.app */;
			productType = "com.apple.product-type.application";
		};
		187AC4C01B75AE43009926F0 /* FlickrSearchTests */ = {
			isa = PBXNativeTarget;
			buildConfigurationList = 187AC4CE1B75AE43009926F0 /* Build configuration list for PBXNativeTarget "FlickrSearchTests" */;
			buildPhases = (
				187AC4BD1B75AE43009926F0 /* Sources */,
				187AC4BE1B75AE43009926F0 /* Frameworks */,
				187AC4BF1B75AE43009926F0 /* Resources */,
			);
			buildRules = (
			);
			dependencies = (
				187AC4C31B75AE43009926F0 /* PBXTargetDependency */,
			);
			name = FlickrSearchTests;
			productName = FlickrSearchTests;
			productReference = 187AC4C11B75AE43009926F0 /* FlickrSearchTests.xctest */;
			productType = "com.apple.product-type.bundle.unit-test";
		};
/* End PBXNativeTarget section */

/* Begin PBXProject section */
		187AC4A01B75AE42009926F0 /* Project object */ = {
			isa = PBXProject;
			attributes = {
				LastUpgradeCheck = 0640;
				ORGANIZATIONNAME = com.jymnchen;
				TargetAttributes = {
					187AC4A71B75AE42009926F0 = {
						CreatedOnToolsVersion = 6.4;
					};
					187AC4C01B75AE43009926F0 = {
						CreatedOnToolsVersion = 6.4;
						TestTargetID = 187AC4A71B75AE42009926F0;
					};
				};
			};
			buildConfigurationList = 187AC4A31B75AE42009926F0 /* Build configuration list for PBXProject "FlickrSearch" */;
			compatibilityVersion = "Xcode 3.2";
			developmentRegion = English;
			hasScannedForEncodings = 0;
			knownRegions = (
				en,
				Base,
			);
			mainGroup = 187AC49F1B75AE42009926F0;
			productRefGroup = 187AC4A91B75AE42009926F0 /* Products */;
			projectDirPath = "";
			projectRoot = "";
			targets = (
				187AC4A71B75AE42009926F0 /* FlickrSearch */,
				187AC4C01B75AE43009926F0 /* FlickrSearchTests */,
			);
		};
/* End PBXProject section */

/* Begin PBXResourcesBuildPhase section */
		187AC4A61B75AE42009926F0 /* Resources */ = {
			isa = PBXResourcesBuildPhase;
			buildActionMask = 2147483647;
			files = (
				187AC4B71B75AE43009926F0 /* Main.storyboard in Resources */,
				187AC4E81B75AE5A009926F0 /* button.png in Resources */,
				187AC4EB1B75AE5A009926F0 /* decoration_snail@2x.png in Resources */,
				187AC4E61B75AE5A009926F0 /* bg_cork.png in Resources */,
				187AC4E71B75AE5A009926F0 /* bg_cork@2x.png in Resources */,
				187AC4F71B75AE5A009926F0 /* search_field@2x.png in Resources */,
				187AC4F01B75AE5A009926F0 /* navbar.png in Resources */,
				187AC4BC1B75AE43009926F0 /* LaunchScreen.xib in Resources */,
				187AC4ED1B75AE5A009926F0 /* divider_bar@2x.png in Resources */,
				187AC5051B75BCE7009926F0 /* FlickrPhotoCell.xib in Resources */,
				187AC4EA1B75AE5A009926F0 /* decoration_snail.png in Resources */,
				187AC4EC1B75AE5A009926F0 /* divider_bar.png in Resources */,
				187AC4F31B75AE5A009926F0 /* polaroid1_border@2x.png in Resources */,
				187AC4F81B75AE5A009926F0 /* search_text.png in Resources */,
				187AC4EF1B75AE5A009926F0 /* header_bg@2x.png in Resources */,
				187AC4F61B75AE5A009926F0 /* search_field.png in Resources */,
				187AC4EE1B75AE5A009926F0 /* header_bg.png in Resources */,
				187AC4F41B75AE5A009926F0 /* pushpin.png in Resources */,
				187AC4F51B75AE5A009926F0 /* pushpin@2x.png in Resources */,
				187AC4E91B75AE5A009926F0 /* button@2x.png in Resources */,
				187AC4B91B75AE43009926F0 /* Images.xcassets in Resources */,
				187AC4F11B75AE5A009926F0 /* navbar@2x.png in Resources */,
				187AC4F91B75AE5A009926F0 /* search_text@2x.png in Resources */,
				187AC4F21B75AE5A009926F0 /* polaroid1_border.png in Resources */,
			);
			runOnlyForDeploymentPostprocessing = 0;
		};
		187AC4BF1B75AE43009926F0 /* Resources */ = {
			isa = PBXResourcesBuildPhase;
			buildActionMask = 2147483647;
			files = (
			);
			runOnlyForDeploymentPostprocessing = 0;
		};
/* End PBXResourcesBuildPhase section */

/* Begin PBXSourcesBuildPhase section */
		187AC4A41B75AE42009926F0 /* Sources */ = {
			isa = PBXSourcesBuildPhase;
			buildActionMask = 2147483647;
			files = (
				187AC4B41B75AE43009926F0 /* ViewController.m in Sources */,
				187AC5041B75BCE7009926F0 /* FlickrPhotoCell.m in Sources */,
				187AC4B11B75AE43009926F0 /* AppDelegate.m in Sources */,
				187AC50A1B75C63E009926F0 /* FlickrPhotoHeaderView.m in Sources */,
				187AC4AE1B75AE42009926F0 /* main.m in Sources */,
			);
			runOnlyForDeploymentPostprocessing = 0;
		};
		187AC4BD1B75AE43009926F0 /* Sources */ = {
			isa = PBXSourcesBuildPhase;
			buildActionMask = 2147483647;
			files = (
				187AC4C81B75AE43009926F0 /* FlickrSearchTests.m in Sources */,
			);
			runOnlyForDeploymentPostprocessing = 0;
		};
/* End PBXSourcesBuildPhase section */

/* Begin PBXTargetDependency section */
		187AC4C31B75AE43009926F0 /* PBXTargetDependency */ = {
			isa = PBXTargetDependency;
			target = 187AC4A71B75AE42009926F0 /* FlickrSearch */;
			targetProxy = 187AC4C21B75AE43009926F0 /* PBXContainerItemProxy */;
		};
/* End PBXTargetDependency section */

/* Begin PBXVariantGroup section */
		187AC4B51B75AE43009926F0 /* Main.storyboard */ = {
			isa = PBXVariantGroup;
			children = (
				187AC4B61B75AE43009926F0 /* Base */,
			);
			name = Main.storyboard;
			sourceTree = "<group>";
		};
		187AC4BA1B75AE43009926F0 /* LaunchScreen.xib */ = {
			isa = PBXVariantGroup;
			children = (
				187AC4BB1B75AE43009926F0 /* Base */,
			);
			name = LaunchScreen.xib;
			sourceTree = "<group>";
		};
/* End PBXVariantGroup section */

/* Begin XCBuildConfiguration section */
		187AC4C91B75AE43009926F0 /* Debug */ = {
			isa = XCBuildConfiguration;
			buildSettings = {
				ALWAYS_SEARCH_USER_PATHS = NO;
				CLANG_CXX_LANGUAGE_STANDARD = "gnu++0x";
				CLANG_CXX_LIBRARY = "libc++";
				CLANG_ENABLE_MODULES = YES;
				CLANG_ENABLE_OBJC_ARC = YES;
				CLANG_WARN_BOOL_CONVERSION = YES;
				CLANG_WARN_CONSTANT_CONVERSION = YES;
				CLANG_WARN_DIRECT_OBJC_ISA_USAGE = YES_ERROR;
				CLANG_WARN_EMPTY_BODY = YES;
				CLANG_WARN_ENUM_CONVERSION = YES;
				CLANG_WARN_INT_CONVERSION = YES;
				CLANG_WARN_OBJC_ROOT_CLASS = YES_ERROR;
				CLANG_WARN_UNREACHABLE_CODE = YES;
				CLANG_WARN__DUPLICATE_METHOD_MATCH = YES;
				"CODE_SIGN_IDENTITY[sdk=iphoneos*]" = "iPhone Developer";
				COPY_PHASE_STRIP = NO;
				DEBUG_INFORMATION_FORMAT = "dwarf-with-dsym";
				ENABLE_STRICT_OBJC_MSGSEND = YES;
				GCC_C_LANGUAGE_STANDARD = gnu99;
				GCC_DYNAMIC_NO_PIC = NO;
				GCC_NO_COMMON_BLOCKS = YES;
				GCC_OPTIMIZATION_LEVEL = 0;
				GCC_PREPROCESSOR_DEFINITIONS = (
					"DEBUG=1",
					"$(inherited)",
				);
				GCC_SYMBOLS_PRIVATE_EXTERN = NO;
				GCC_WARN_64_TO_32_BIT_CONVERSION = YES;
				GCC_WARN_ABOUT_RETURN_TYPE = YES_ERROR;
				GCC_WARN_UNDECLARED_SELECTOR = YES;
				GCC_WARN_UNINITIALIZED_AUTOS = YES_AGGRESSIVE;
				GCC_WARN_UNUSED_FUNCTION = YES;
				GCC_WARN_UNUSED_VARIABLE = YES;
				IPHONEOS_DEPLOYMENT_TARGET = 8.4;
				MTL_ENABLE_DEBUG_INFO = YES;
				ONLY_ACTIVE_ARCH = YES;
				SDKROOT = iphoneos;
				TARGETED_DEVICE_FAMILY = 2;
			};
			name = Debug;
		};
		187AC4CA1B75AE43009926F0 /* Release */ = {
			isa = XCBuildConfiguration;
			buildSettings = {
				ALWAYS_SEARCH_USER_PATHS = NO;
				CLANG_CXX_LANGUAGE_STANDARD = "gnu++0x";
				CLANG_CXX_LIBRARY = "libc++";
				CLANG_ENABLE_MODULES = YES;
				CLANG_ENABLE_OBJC_ARC = YES;
				CLANG_WARN_BOOL_CONVERSION = YES;
				CLANG_WARN_CONSTANT_CONVERSION = YES;
				CLANG_WARN_DIRECT_OBJC_ISA_USAGE = YES_ERROR;
				CLANG_WARN_EMPTY_BODY = YES;
				CLANG_WARN_ENUM_CONVERSION = YES;
				CLANG_WARN_INT_CONVERSION = YES;
				CLANG_WARN_OBJC_ROOT_CLASS = YES_ERROR;
				CLANG_WARN_UNREACHABLE_CODE = YES;
				CLANG_WARN__DUPLICATE_METHOD_MATCH = YES;
				"CODE_SIGN_IDENTITY[sdk=iphoneos*]" = "iPhone Developer";
				COPY_PHASE_STRIP = NO;
				DEBUG_INFORMATION_FORMAT = "dwarf-with-dsym";
				ENABLE_NS_ASSERTIONS = NO;
				ENABLE_STRICT_OBJC_MSGSEND = YES;
				GCC_C_LANGUAGE_STANDARD = gnu99;
				GCC_NO_COMMON_BLOCKS = YES;
				GCC_WARN_64_TO_32_BIT_CONVERSION = YES;
				GCC_WARN_ABOUT_RETURN_TYPE = YES_ERROR;
				GCC_WARN_UNDECLARED_SELECTOR = YES;
				GCC_WARN_UNINITIALIZED_AUTOS = YES_AGGRESSIVE;
				GCC_WARN_UNUSED_FUNCTION = YES;
				GCC_WARN_UNUSED_VARIABLE = YES;
				IPHONEOS_DEPLOYMENT_TARGET = 8.4;
				MTL_ENABLE_DEBUG_INFO = NO;
				SDKROOT = iphoneos;
				TARGETED_DEVICE_FAMILY = 2;
				VALIDATE_PRODUCT = YES;
			};
			name = Release;
		};
		187AC4CC1B75AE43009926F0 /* Debug */ = {
			isa = XCBuildConfiguration;
			buildSettings = {
				ASSETCATALOG_COMPILER_APPICON_NAME = AppIcon;
				INFOPLIST_FILE = FlickrSearch/Info.plist;
				LD_RUNPATH_SEARCH_PATHS = "$(inherited) @executable_path/Frameworks";
				PRODUCT_NAME = "$(TARGET_NAME)";
			};
			name = Debug;
		};
		187AC4CD1B75AE43009926F0 /* Release */ = {
			isa = XCBuildConfiguration;
			buildSettings = {
				ASSETCATALOG_COMPILER_APPICON_NAME = AppIcon;
				INFOPLIST_FILE = FlickrSearch/Info.plist;
				LD_RUNPATH_SEARCH_PATHS = "$(inherited) @executable_path/Frameworks";
				PRODUCT_NAME = "$(TARGET_NAME)";
			};
			name = Release;
		};
		187AC4CF1B75AE43009926F0 /* Debug */ = {
			isa = XCBuildConfiguration;
			buildSettings = {
				BUNDLE_LOADER = "$(TEST_HOST)";
				FRAMEWORK_SEARCH_PATHS = (
					"$(SDKROOT)/Developer/Library/Frameworks",
					"$(inherited)",
				);
				GCC_PREPROCESSOR_DEFINITIONS = (
					"DEBUG=1",
					"$(inherited)",
				);
				INFOPLIST_FILE = FlickrSearchTests/Info.plist;
				LD_RUNPATH_SEARCH_PATHS = "$(inherited) @executable_path/Frameworks @loader_path/Frameworks";
				PRODUCT_NAME = "$(TARGET_NAME)";
				TEST_HOST = "$(BUILT_PRODUCTS_DIR)/FlickrSearch.app/FlickrSearch";
			};
			name = Debug;
		};
		187AC4D01B75AE43009926F0 /* Release */ = {
			isa = XCBuildConfiguration;
			buildSettings = {
				BUNDLE_LOADER = "$(TEST_HOST)";
				FRAMEWORK_SEARCH_PATHS = (
					"$(SDKROOT)/Developer/Library/Frameworks",
					"$(inherited)",
				);
				INFOPLIST_FILE = FlickrSearchTests/Info.plist;
				LD_RUNPATH_SEARCH_PATHS = "$(inherited) @executable_path/Frameworks @loader_path/Frameworks";
				PRODUCT_NAME = "$(TARGET_NAME)";
				TEST_HOST = "$(BUILT_PRODUCTS_DIR)/FlickrSearch.app/FlickrSearch";
			};
			name = Release;
		};
/* End XCBuildConfiguration section */

/* Begin XCConfigurationList section */
		187AC4A31B75AE42009926F0 /* Build configuration list for PBXProject "FlickrSearch" */ = {
			isa = XCConfigurationList;
			buildConfigurations = (
				187AC4C91B75AE43009926F0 /* Debug */,
				187AC4CA1B75AE43009926F0 /* Release */,
			);
			defaultConfigurationIsVisible = 0;
			defaultConfigurationName = Release;
		};
		187AC4CB1B75AE43009926F0 /* Build configuration list for PBXNativeTarget "FlickrSearch" */ = {
			isa = XCConfigurationList;
			buildConfigurations = (
				187AC4CC1B75AE43009926F0 /* Debug */,
				187AC4CD1B75AE43009926F0 /* Release */,
			);
			defaultConfigurationIsVisible = 0;
			defaultConfigurationName = Release;
		};
		187AC4CE1B75AE43009926F0 /* Build configuration list for PBXNativeTarget "FlickrSearchTests" */ = {
			isa = XCConfigurationList;
			buildConfigurations = (
				187AC4CF1B75AE43009926F0 /* Debug */,
				187AC4D01B75AE43009926F0 /* Release */,
			);
			defaultConfigurationIsVisible = 0;
			defaultConfigurationName = Release;
		};
/* End XCConfigurationList section */
	};
	rootObject = 187AC4A01B75AE42009926F0 /* Project object */;
}
